Microsoft Visual Studio Solution File, Format Version 11.00
# Visual Studio 2008

Project("{E639FF65-B334-7EF2-8695-BE85F301BD85}") = "Testes-Aviao", "Assembly-CSharp-firstpass.csproj", "{FD79F610-0B44-76AB-2948-D811F612D177}"
EndProject
Project("{E639FF65-B334-7EF2-8695-BE85F301BD85}") = "Testes-Aviao", "Assembly-CSharp.csproj", "{A31A65EF-5155-AEBE-183B-AEADC7F6759C}"
EndProject
Project("{E639FF65-B334-7EF2-8695-BE85F301BD85}") = "Testes-Aviao", "Assembly-CSharp-Editor.csproj", "{55C4E4AE-B3D7-7605-2FDB-CAD5D3887611}"
EndProject
Project("{E639FF65-B334-7EF2-8695-BE85F301BD85}") = "Testes-Aviao", "Assembly-UnityScript-firstpass.unityproj", "{1B7CA054-D8AB-5FBC-F099-75911F48034B}"
EndProject
Project("{E639FF65-B334-7EF2-8695-BE85F301BD85}") = "Testes-Aviao", "Assembly-UnityScript.unityproj", "{1E76883F-B5BF-9EBA-C339-90204F3E03EF}"
EndProject
Global
	GlobalSection(SolutionConfigurationPlatforms) = preSolution
		Debug|Any CPU = Debug|Any CPU
		Release|Any CPU = Release|Any CPU
	EndGlobalSection
	GlobalSection(ProjectConfigurationPlatforms) = postSolution
		{FD79F610-0B44-76AB-2948-D811F612D177}.Debug|Any CPU.ActiveCfg = Debug|Any CPU
		{FD79F610-0B44-76AB-2948-D811F612D177}.Debug|Any CPU.Build.0 = Debug|Any CPU
		{FD79F610-0B44-76AB-2948-D811F612D177}.Release|Any CPU.ActiveCfg = Release|Any CPU
		{FD79F610-0B44-76AB-2948-D811F612D177}.Release|Any CPU.Build.0 = Release|Any CPU
		{A31A65EF-5155-AEBE-183B-AEADC7F6759C}.Debug|Any CPU.ActiveCfg = Debug|Any CPU
		{A31A65EF-5155-AEBE-183B-AEADC7F6759C}.Debug|Any CPU.Build.0 = Debug|Any CPU
		{A31A65EF-5155-AEBE-183B-AEADC7F6759C}.Release|Any CPU.ActiveCfg = Release|Any CPU
		{A31A65EF-5155-AEBE-183B-AEADC7F6759C}.Release|Any CPU.Build.0 = Release|Any CPU
		{55C4E4AE-B3D7-7605-2FDB-CAD5D3887611}.Debug|Any CPU.ActiveCfg = Debug|Any CPU
		{55C4E4AE-B3D7-7605-2FDB-CAD5D3887611}.Debug|Any CPU.Build.0 = Debug|Any CPU
		{55C4E4AE-B3D7-7605-2FDB-CAD5D3887611}.Release|Any CPU.ActiveCfg = Release|Any CPU
		{55C4E4AE-B3D7-7605-2FDB-CAD5D3887611}.Release|Any CPU.Build.0 = Release|Any CPU
		{1B7CA054-D8AB-5FBC-F099-75911F48034B}.Debug|Any CPU.ActiveCfg = Debug|Any CPU
		{1B7CA054-D8AB-5FBC-F099-75911F48034B}.Debug|Any CPU.Build.0 = Debug|Any CPU
		{1B7CA054-D8AB-5FBC-F099-75911F48034B}.Release|Any CPU.ActiveCfg = Release|Any CPU
		{1B7CA054-D8AB-5FBC-F099-75911F48034B}.Release|Any CPU.Build.0 = Release|Any CPU
		{1E76883F-B5BF-9EBA-C339-90204F3E03EF}.Debug|Any CPU.ActiveCfg = Debug|Any CPU
		{1E76883F-B5BF-9EBA-C339-90204F3E03EF}.Debug|Any CPU.Build.0 = Debug|Any CPU
		{1E76883F-B5BF-9EBA-C339-90204F3E03EF}.Release|Any CPU.ActiveCfg = Release|Any CPU
		{1E76883F-B5BF-9EBA-C339-90204F3E03EF}.Release|Any CPU.Build.0 = Release|Any CPU
	EndGlobalSection
	GlobalSection(SolutionProperties) = preSolution
		HideSolutionNode = FALSE
	EndGlobalSection
																																		GlobalSection(MonoDevelopProperties) = preSolution
		StartupItem = Assembly-CSharp.csproj
		Policies = $0
		$0.TextStylePolicy = $1
		$1.inheritsSet = null
		$1.scope = text/x-csharp
		$0.CSharpFormattingPolicy = $2
		$2.inheritsSet = Mono
		$2.inheritsScope = text/x-csharp
		$2.scope = text/x-csharp
		$0.TextStylePolicy = $3
		$3.FileWidth = 120
		$3.TabWidth = 4
		$3.IndentWidth = 4
		$3.EolMarker = Unix
		$3.inheritsSet = Mono
		$3.inheritsScope = text/plain
		$3.scope = text/plain
	EndGlobalSection

EndGlobal
